
Microsoft Visual Studio Solution File, Format Version 12.00
# Visual Studio Version 17
VisualStudioVersion = 17.4.33213.308
MinimumVisualStudioVersion = 10.0.40219.1
Project("{FAE04EC0-301F-11D3-BF4B-00C04F79EFBC}") = "Microsoft.Dynamics365.UIAutomation.Api", "Microsoft.Dynamics365.UIAutomation.Api\Microsoft.Dynamics365.UIAutomation.Api.csproj", "{DFE2C141-F1AA-4D4B-8DF8-0FB93023CF45}"
EndProject
Project("{FAE04EC0-301F-11D3-BF4B-00C04F79EFBC}") = "Microsoft.Dynamics365.UIAutomation.Browser", "Microsoft.Dynamics365.UIAutomation.Browser\Microsoft.Dynamics365.UIAutomation.Browser.csproj", "{C9748803-F3CB-4531-B313-BC24D4D0BF0C}"
EndProject
Project("{FAE04EC0-301F-11D3-BF4B-00C04F79EFBC}") = "Microsoft.Dynamics365.UIAutomation.Sample", "Microsoft.Dynamics365.UIAutomation.Sample\Microsoft.Dynamics365.UIAutomation.Sample.csproj", "{A075B87E-DCA5-4A2A-909B-932E2F5F98B4}"
EndProject
Project("{FAE04EC0-301F-11D3-BF4B-00C04F79EFBC}") = "Microsoft.Dynamics365.UIAutomation.Api.UCI", "Microsoft.Dynamics365.UIAutomation.Api.UCI\Microsoft.Dynamics365.UIAutomation.Api.UCI.csproj", "{AFCB5BB5-4512-4019-A911-5D56CFF4F3D0}"
EndProject
Project("{FAE04EC0-301F-11D3-BF4B-00C04F79EFBC}") = "SpecFlowCalculator", "SpecFlowCalculator\SpecFlowCalculator.csproj", "{E2FFE7C0-515B-4DEF-BC49-7A5DE816BA59}"
EndProject
Project("{9A19103F-16F7-4668-BE54-9A1E7A4F7556}") = "SpecFlowCalculator.Specs", "SpecFlowCalculator.Specs\SpecFlowCalculator.Specs.csproj", "{44A239A2-75D7-4A52-BC67-96DC4BECAA2C}"
EndProject
Project("{FAE04EC0-301F-11D3-BF4B-00C04F79EFBC}") = "WCCIS.Specs", "PersonSearchDetails\WCCIS.Specs.csproj", "{A2D39B17-32FB-4015-A0F8-4878888257F2}"
EndProject
Global
	GlobalSection(SolutionConfigurationPlatforms) = preSolution
		Debug|Any CPU = Debug|Any CPU
		Release|Any CPU = Release|Any CPU
		UnitTest|Any CPU = UnitTest|Any CPU
	EndGlobalSection
	GlobalSection(ProjectConfigurationPlatforms) = postSolution
		{DFE2C141-F1AA-4D4B-8DF8-0FB93023CF45}.Debug|Any CPU.ActiveCfg = Debug|Any CPU
		{DFE2C141-F1AA-4D4B-8DF8-0FB93023CF45}.Debug|Any CPU.Build.0 = Debug|Any CPU
		{DFE2C141-F1AA-4D4B-8DF8-0FB93023CF45}.Release|Any CPU.ActiveCfg = Release|Any CPU
		{DFE2C141-F1AA-4D4B-8DF8-0FB93023CF45}.Release|Any CPU.Build.0 = Release|Any CPU
		{DFE2C141-F1AA-4D4B-8DF8-0FB93023CF45}.UnitTest|Any CPU.ActiveCfg = Release|Any CPU
		{DFE2C141-F1AA-4D4B-8DF8-0FB93023CF45}.UnitTest|Any CPU.Build.0 = Release|Any CPU
		{C9748803-F3CB-4531-B313-BC24D4D0BF0C}.Debug|Any CPU.ActiveCfg = Debug|Any CPU
		{C9748803-F3CB-4531-B313-BC24D4D0BF0C}.Debug|Any CPU.Build.0 = Debug|Any CPU
		{C9748803-F3CB-4531-B313-BC24D4D0BF0C}.Release|Any CPU.ActiveCfg = Release|Any CPU
		{C9748803-F3CB-4531-B313-BC24D4D0BF0C}.Release|Any CPU.Build.0 = Release|Any CPU
		{C9748803-F3CB-4531-B313-BC24D4D0BF0C}.UnitTest|Any CPU.ActiveCfg = Release|Any CPU
		{C9748803-F3CB-4531-B313-BC24D4D0BF0C}.UnitTest|Any CPU.Build.0 = Release|Any CPU
		{A075B87E-DCA5-4A2A-909B-932E2F5F98B4}.Debug|Any CPU.ActiveCfg = Debug|Any CPU
		{A075B87E-DCA5-4A2A-909B-932E2F5F98B4}.Debug|Any CPU.Build.0 = Debug|Any CPU
		{A075B87E-DCA5-4A2A-909B-932E2F5F98B4}.Release|Any CPU.ActiveCfg = Release|Any CPU
		{A075B87E-DCA5-4A2A-909B-932E2F5F98B4}.Release|Any CPU.Build.0 = Release|Any CPU
		{A075B87E-DCA5-4A2A-909B-932E2F5F98B4}.UnitTest|Any CPU.ActiveCfg = UnitTest|Any CPU
		{A075B87E-DCA5-4A2A-909B-932E2F5F98B4}.UnitTest|Any CPU.Build.0 = UnitTest|Any CPU
		{AFCB5BB5-4512-4019-A911-5D56CFF4F3D0}.Debug|Any CPU.ActiveCfg = Debug|Any CPU
		{AFCB5BB5-4512-4019-A911-5D56CFF4F3D0}.Debug|Any CPU.Build.0 = Debug|Any CPU
		{AFCB5BB5-4512-4019-A911-5D56CFF4F3D0}.Release|Any CPU.ActiveCfg = Release|Any CPU
		{AFCB5BB5-4512-4019-A911-5D56CFF4F3D0}.Release|Any CPU.Build.0 = Release|Any CPU
		{AFCB5BB5-4512-4019-A911-5D56CFF4F3D0}.UnitTest|Any CPU.ActiveCfg = Release|Any CPU
		{AFCB5BB5-4512-4019-A911-5D56CFF4F3D0}.UnitTest|Any CPU.Build.0 = Release|Any CPU
		{E2FFE7C0-515B-4DEF-BC49-7A5DE816BA59}.Debug|Any CPU.ActiveCfg = Debug|Any CPU
		{E2FFE7C0-515B-4DEF-BC49-7A5DE816BA59}.Debug|Any CPU.Build.0 = Debug|Any CPU
		{E2FFE7C0-515B-4DEF-BC49-7A5DE816BA59}.Release|Any CPU.ActiveCfg = Release|Any CPU
		{E2FFE7C0-515B-4DEF-BC49-7A5DE816BA59}.Release|Any CPU.Build.0 = Release|Any CPU
		{E2FFE7C0-515B-4DEF-BC49-7A5DE816BA59}.UnitTest|Any CPU.ActiveCfg = Debug|Any CPU
		{E2FFE7C0-515B-4DEF-BC49-7A5DE816BA59}.UnitTest|Any CPU.Build.0 = Debug|Any CPU
		{44A239A2-75D7-4A52-BC67-96DC4BECAA2C}.Debug|Any CPU.ActiveCfg = Debug|Any CPU
		{44A239A2-75D7-4A52-BC67-96DC4BECAA2C}.Debug|Any CPU.Build.0 = Debug|Any CPU
		{44A239A2-75D7-4A52-BC67-96DC4BECAA2C}.Release|Any CPU.ActiveCfg = Release|Any CPU
		{44A239A2-75D7-4A52-BC67-96DC4BECAA2C}.Release|Any CPU.Build.0 = Release|Any CPU
		{44A239A2-75D7-4A52-BC67-96DC4BECAA2C}.UnitTest|Any CPU.ActiveCfg = Debug|Any CPU
		{44A239A2-75D7-4A52-BC67-96DC4BECAA2C}.UnitTest|Any CPU.Build.0 = Debug|Any CPU
		{A2D39B17-32FB-4015-A0F8-4878888257F2}.Debug|Any CPU.ActiveCfg = Debug|Any CPU
		{A2D39B17-32FB-4015-A0F8-4878888257F2}.Debug|Any CPU.Build.0 = Debug|Any CPU
		{A2D39B17-32FB-4015-A0F8-4878888257F2}.Release|Any CPU.ActiveCfg = Release|Any CPU
		{A2D39B17-32FB-4015-A0F8-4878888257F2}.Release|Any CPU.Build.0 = Release|Any CPU
		{A2D39B17-32FB-4015-A0F8-4878888257F2}.UnitTest|Any CPU.ActiveCfg = Debug|Any CPU
		{A2D39B17-32FB-4015-A0F8-4878888257F2}.UnitTest|Any CPU.Build.0 = Debug|Any CPU
	EndGlobalSection
	GlobalSection(SolutionProperties) = preSolution
		HideSolutionNode = FALSE
	EndGlobalSection
	GlobalSection(ExtensibilityGlobals) = postSolution
		SolutionGuid = {718AE43F-B93E-46B0-8AA9-E5378E9D97DF}
	EndGlobalSection
EndGlobal
